
Microsoft Visual Studio Solution File, Format Version 12.00
# Visual Studio Version 16
VisualStudioVersion = 16.0.30011.22
MinimumVisualStudioVersion = 10.0.40219.1
Project("{FAE04EC0-301F-11D3-BF4B-00C04F79EFBC}") = "Laba4_13var", "Laba4_13var.csproj", "{29500448-7033-4538-A085-EBBB3CBE31F2}"
EndProject
Global
	GlobalSection(SolutionConfigurationPlatforms) = preSolution
		Debug|Any CPU = Debug|Any CPU
		Release|Any CPU = Release|Any CPU
	EndGlobalSection
	GlobalSection(ProjectConfigurationPlatforms) = postSolution
		{29500448-7033-4538-A085-EBBB3CBE31F2}.Debug|Any CPU.ActiveCfg = Debug|Any CPU
		{29500448-7033-4538-A085-EBBB3CBE31F2}.Debug|Any CPU.Build.0 = Debug|Any CPU
		{29500448-7033-4538-A085-EBBB3CBE31F2}.Release|Any CPU.ActiveCfg = Release|Any CPU
		{29500448-7033-4538-A085-EBBB3CBE31F2}.Release|Any CPU.Build.0 = Release|Any CPU
	EndGlobalSection
	GlobalSection(SolutionProperties) = preSolution
		HideSolutionNode = FALSE
	EndGlobalSection
	GlobalSection(ExtensibilityGlobals) = postSolution
		SolutionGuid = {E7FF7213-EDB2-4EE6-A765-D9D9B026DE65}
	EndGlobalSection
EndGlobal
